{
  "requires": true,
  "lockfileVersion": 1,
  "dependencies": {
    "cor": {
      "version": "0.0.0",
      "resolved": "https://registry.npmjs.org/cor/-/cor-0.0.0.tgz",
      "integrity": "sha512-pKfKikyBjqeUAJ/wJN/l3BTrO3ayTow2BMt6h7ZOdgkNqIgQQ4otSeULSbzUgpUlZNTWpn+2dzOC8crga7PohQ=="
    },
    "node": {
      "version": "18.20.4",
      "resolved": "https://registry.npmjs.org/node/-/node-18.20.4.tgz",
      "integrity": "sha512-7kNnwQLq7hjLAKkku5Ig77yGmvFzriLwF83zg8BV13QEG3KGh5UGAT0O+TPK9N+AQbdf02LmFBXKbuGcHNfMLA==",
      "requires": {
        "node-bin-setup": "^1.0.0"
      },
      "dependencies": {
        "node-linux-x64": {
          "version": "18.20.4",
          "resolved": "https://registry.npmjs.org/node-linux-x64/-/node-linux-x64-18.20.4.tgz",
          "integrity": "sha512-R0uJgrj1mEU6h0NiypqrDenjo1w/viS/QKwB4zZCosvu/Z7ZRJU+4VVgnVy2t82qgkRVN8ZsBDImbkBI3czUrQ=="
        }
      }
    },
    "node-bin-setup": {
      "version": "1.1.3",
      "resolved": "https://registry.npmjs.org/node-bin-setup/-/node-bin-setup-1.1.3.tgz",
      "integrity": "sha512-opgw9iSCAzT2+6wJOETCpeRYAQxSopqQ2z+N6BXwIMsQQ7Zj5M8MaafQY8JMlolRR6R1UXg2WmhKp0p9lSOivg=="
    }
  }
}
